{
  "name": "GasDifferencesInV2V3",
  "lockfileVersion": 3,
  "requires": true,
  "packages": {
    "": {
      "dependencies": {
        "@openzeppelin/contracts": "^4.8.3",
        "abdk-libraries-solidity": "^3.2.0"
      }
    },
    "node_modules/@openzeppelin/contracts": {
      "version": "4.8.3",
      "resolved": "https://registry.npmjs.org/@openzeppelin/contracts/-/contracts-4.8.3.tgz",
      "integrity": "sha512-bQHV8R9Me8IaJoJ2vPG4rXcL7seB7YVuskr4f+f5RyOStSZetwzkWtoqDMl5erkBJy0lDRUnIR2WIkPiC0GJlg=="
    },
    "node_modules/abdk-libraries-solidity": {
      "version": "3.2.0",
      "resolved": "https://registry.npmjs.org/abdk-libraries-solidity/-/abdk-libraries-solidity-3.2.0.tgz",
      "integrity": "sha512-JyedKxyqsszb9qCTX+YCOQHA4m0YAq9p77Qvumiy8LJLLrm1FfA9D3pdSAZN5wrmi3PSv0y3Svy8c/C+8S9K8g=="
    }
  }
}
